
Microsoft Visual Studio Solution File, Format Version 12.00
# Visual Studio Version 16
VisualStudioVersion = 16.0.32228.343
MinimumVisualStudioVersion = 10.0.40219.1
Project("{FAE04EC0-301F-11D3-BF4B-00C04F79EFBC}") = "Web2_lab3", "Web2_lab3.csproj", "{BBDABC36-AE80-4D3C-A8B1-EB4BFDD18669}"
EndProject
Global
	GlobalSection(SolutionConfigurationPlatforms) = preSolution
		Debug|Any CPU = Debug|Any CPU
		Release|Any CPU = Release|Any CPU
	EndGlobalSection
	GlobalSection(ProjectConfigurationPlatforms) = postSolution
		{BBDABC36-AE80-4D3C-A8B1-EB4BFDD18669}.Debug|Any CPU.ActiveCfg = Debug|Any CPU
		{BBDABC36-AE80-4D3C-A8B1-EB4BFDD18669}.Debug|Any CPU.Build.0 = Debug|Any CPU
		{BBDABC36-AE80-4D3C-A8B1-EB4BFDD18669}.Release|Any CPU.ActiveCfg = Release|Any CPU
		{BBDABC36-AE80-4D3C-A8B1-EB4BFDD18669}.Release|Any CPU.Build.0 = Release|Any CPU
	EndGlobalSection
	GlobalSection(SolutionProperties) = preSolution
		HideSolutionNode = FALSE
	EndGlobalSection
	GlobalSection(ExtensibilityGlobals) = postSolution
		SolutionGuid = {D5742DE2-5187-4C03-9F2A-31EF00C498AE}
	EndGlobalSection
EndGlobal
